
Microsoft Visual Studio Solution File, Format Version 12.00
# Visual Studio Version 16
VisualStudioVersion = 25.0.1703.0
MinimumVisualStudioVersion = 10.0.40219.1
Project("{FAE04EC0-301F-11D3-BF4B-00C04F79EFBC}") = "UniversityApiBackEnd", "UniversityApiBackEnd\UniversityApiBackEnd.csproj", "{AEF1A085-0A7F-43E2-B294-4AEF1B8E5433}"
EndProject
Project("{FAE04EC0-301F-11D3-BF4B-00C04F79EFBC}") = "LinQSnippets", "LinQSnippets\LinQSnippets.csproj", "{A10E4E87-17C1-47F7-B3CC-212399AF7E73}"
EndProject
Global
	GlobalSection(SolutionConfigurationPlatforms) = preSolution
		Debug|Any CPU = Debug|Any CPU
		Release|Any CPU = Release|Any CPU
	EndGlobalSection
	GlobalSection(ProjectConfigurationPlatforms) = postSolution
		{AEF1A085-0A7F-43E2-B294-4AEF1B8E5433}.Debug|Any CPU.ActiveCfg = Debug|Any CPU
		{AEF1A085-0A7F-43E2-B294-4AEF1B8E5433}.Debug|Any CPU.Build.0 = Debug|Any CPU
		{AEF1A085-0A7F-43E2-B294-4AEF1B8E5433}.Release|Any CPU.ActiveCfg = Release|Any CPU
		{AEF1A085-0A7F-43E2-B294-4AEF1B8E5433}.Release|Any CPU.Build.0 = Release|Any CPU
		{A10E4E87-17C1-47F7-B3CC-212399AF7E73}.Debug|Any CPU.ActiveCfg = Debug|Any CPU
		{A10E4E87-17C1-47F7-B3CC-212399AF7E73}.Debug|Any CPU.Build.0 = Debug|Any CPU
		{A10E4E87-17C1-47F7-B3CC-212399AF7E73}.Release|Any CPU.ActiveCfg = Release|Any CPU
		{A10E4E87-17C1-47F7-B3CC-212399AF7E73}.Release|Any CPU.Build.0 = Release|Any CPU
	EndGlobalSection
	GlobalSection(SolutionProperties) = preSolution
		HideSolutionNode = FALSE
	EndGlobalSection
	GlobalSection(ExtensibilityGlobals) = postSolution
		SolutionGuid = {E7AC6563-C5E6-4D54-92A9-B57F0C5664BD}
	EndGlobalSection
EndGlobal
